
Microsoft Visual Studio Solution File, Format Version 12.00
# Visual Studio Version 17
VisualStudioVersion = 17.14.36414.22 d17.14
MinimumVisualStudioVersion = 10.0.40219.1
Project("{FAE04EC0-301F-11D3-BF4B-00C04F79EFBC}") = "Tumakov", "Tumakov\Tumakov.csproj", "{73AECFFA-7391-41E7-B239-EA7FC331E221}"
EndProject
Global
	GlobalSection(SolutionConfigurationPlatforms) = preSolution
		Debug|Any CPU = Debug|Any CPU
		Release|Any CPU = Release|Any CPU
	EndGlobalSection
	GlobalSection(ProjectConfigurationPlatforms) = postSolution
		{73AECFFA-7391-41E7-B239-EA7FC331E221}.Debug|Any CPU.ActiveCfg = Debug|Any CPU
		{73AECFFA-7391-41E7-B239-EA7FC331E221}.Debug|Any CPU.Build.0 = Debug|Any CPU
		{73AECFFA-7391-41E7-B239-EA7FC331E221}.Release|Any CPU.ActiveCfg = Release|Any CPU
		{73AECFFA-7391-41E7-B239-EA7FC331E221}.Release|Any CPU.Build.0 = Release|Any CPU
	EndGlobalSection
	GlobalSection(SolutionProperties) = preSolution
		HideSolutionNode = FALSE
	EndGlobalSection
	GlobalSection(ExtensibilityGlobals) = postSolution
		SolutionGuid = {7C885FC3-DF74-43F2-98B4-763F1500DBE9}
	EndGlobalSection
EndGlobal
